
Microsoft Visual Studio Solution File, Format Version 12.00
# Visual Studio Version 17
VisualStudioVersion = 17.8.34330.188
MinimumVisualStudioVersion = 10.0.40219.1
Project("{FAE04EC0-301F-11D3-BF4B-00C04F79EFBC}") = "RMS_Backend", "RMS_Backend\RMS_Backend.csproj", "{F6C3D9F3-A3A0-4563-A045-B56EA4A4CC93}"
EndProject
Global
	GlobalSection(SolutionConfigurationPlatforms) = preSolution
		Debug|Any CPU = Debug|Any CPU
		Release|Any CPU = Release|Any CPU
	EndGlobalSection
	GlobalSection(ProjectConfigurationPlatforms) = postSolution
		{F6C3D9F3-A3A0-4563-A045-B56EA4A4CC93}.Debug|Any CPU.ActiveCfg = Debug|Any CPU
		{F6C3D9F3-A3A0-4563-A045-B56EA4A4CC93}.Debug|Any CPU.Build.0 = Debug|Any CPU
		{F6C3D9F3-A3A0-4563-A045-B56EA4A4CC93}.Release|Any CPU.ActiveCfg = Release|Any CPU
		{F6C3D9F3-A3A0-4563-A045-B56EA4A4CC93}.Release|Any CPU.Build.0 = Release|Any CPU
	EndGlobalSection
	GlobalSection(SolutionProperties) = preSolution
		HideSolutionNode = FALSE
	EndGlobalSection
	GlobalSection(ExtensibilityGlobals) = postSolution
		SolutionGuid = {8FA3E56D-4E7F-4AC2-A4C4-3B7190845940}
	EndGlobalSection
EndGlobal
